# This file is autogenerated, do not edit; changes may be undone by the next 'dep ensure'.


[[projects]]
  name = "github.com/davyxu/cellnet"
  packages = [
    ".",
    "codec",
    "codec/binary",
    "msglog",
    "peer",
    "peer/tcp",
    "proc",
    "proc/tcp",
    "relay",
    "rpc",
    "util"
  ]
  revision = "21401baf4f72ce883c746868fbffade45c90f40d"

[[projects]]
  name = "github.com/davyxu/golog"
  packages = ["."]
  revision = "e51e2504138b41957f9a1b1a50dc1b10ad33cd1d"

[[projects]]
  name = "github.com/davyxu/goobjfmt"
  packages = ["."]
  revision = "baf5de0715b190ed9201969ad0c8a3e88e5ee004"

[[projects]]
  name = "github.com/inconshreveable/mousetrap"
  packages = ["."]
  revision = "76626ae9c91c4f2a10f34cad8ce83ea42c93bb75"

[[projects]]
  name = "github.com/looplab/fsm"
  packages = ["."]
  revision = "f980bdb68a8962823200eafe6c0aa99e917be0d7"

[[projects]]
  name = "github.com/spf13/cobra"
  packages = ["."]
  revision = "ef82de70bb3f60c65fb8eebacbb2d122ef517385"

[[projects]]
  name = "github.com/spf13/pflag"
  packages = ["."]
  revision = "583c0c0531f06d5278b7d917446061adc344b5cd"

[solve-meta]
  analyzer-name = "dep"
  analyzer-version = 1
  inputs-digest = "5c39fe1da1470a8cbe0de8f55e35e25e69b44d35520a06666255f6627b6fff71"
  solver-name = "gps-cdcl"
  solver-version = 1
